
Microsoft Visual Studio Solution File, Format Version 12.00
# Visual Studio 15
VisualStudioVersion = 15.0.27428.2005
MinimumVisualStudioVersion = 10.0.40219.1
Project("{FAE04EC0-301F-11D3-BF4B-00C04F79EFBC}") = "ICloneableExample", "ICloneableExample\ICloneableExample.csproj", "{AEAFBB91-D673-415D-BB5D-91810B412FD0}"
EndProject
Global
	GlobalSection(SolutionConfigurationPlatforms) = preSolution
		Debug|Any CPU = Debug|Any CPU
		Release|Any CPU = Release|Any CPU
	EndGlobalSection
	GlobalSection(ProjectConfigurationPlatforms) = postSolution
		{AEAFBB91-D673-415D-BB5D-91810B412FD0}.Debug|Any CPU.ActiveCfg = Debug|Any CPU
		{AEAFBB91-D673-415D-BB5D-91810B412FD0}.Debug|Any CPU.Build.0 = Debug|Any CPU
		{AEAFBB91-D673-415D-BB5D-91810B412FD0}.Release|Any CPU.ActiveCfg = Release|Any CPU
		{AEAFBB91-D673-415D-BB5D-91810B412FD0}.Release|Any CPU.Build.0 = Release|Any CPU
	EndGlobalSection
	GlobalSection(SolutionProperties) = preSolution
		HideSolutionNode = FALSE
	EndGlobalSection
	GlobalSection(ExtensibilityGlobals) = postSolution
		SolutionGuid = {DD00803A-102B-4DEB-8C73-06882A2ED2EA}
	EndGlobalSection
EndGlobal
