
Microsoft Visual Studio Solution File, Format Version 12.00
# Visual Studio 15
VisualStudioVersion = 15.0.27428.2005
MinimumVisualStudioVersion = 10.0.40219.1
Project("{FAE04EC0-301F-11D3-BF4B-00C04F79EFBC}") = "BigInteger", "BigInteger\BigInteger.csproj", "{58140D1A-4ABE-41C6-A6D3-329AFB7AF2E2}"
EndProject
Global
	GlobalSection(SolutionConfigurationPlatforms) = preSolution
		Debug|Any CPU = Debug|Any CPU
		Release|Any CPU = Release|Any CPU
	EndGlobalSection
	GlobalSection(ProjectConfigurationPlatforms) = postSolution
		{58140D1A-4ABE-41C6-A6D3-329AFB7AF2E2}.Debug|Any CPU.ActiveCfg = Debug|Any CPU
		{58140D1A-4ABE-41C6-A6D3-329AFB7AF2E2}.Debug|Any CPU.Build.0 = Debug|Any CPU
		{58140D1A-4ABE-41C6-A6D3-329AFB7AF2E2}.Release|Any CPU.ActiveCfg = Release|Any CPU
		{58140D1A-4ABE-41C6-A6D3-329AFB7AF2E2}.Release|Any CPU.Build.0 = Release|Any CPU
	EndGlobalSection
	GlobalSection(SolutionProperties) = preSolution
		HideSolutionNode = FALSE
	EndGlobalSection
	GlobalSection(ExtensibilityGlobals) = postSolution
		SolutionGuid = {EA1AD2E5-DF97-4B9D-B1AA-137409073AE8}
	EndGlobalSection
EndGlobal
