
Microsoft Visual Studio Solution File, Format Version 12.00
# Visual Studio 15
VisualStudioVersion = 15.0.27428.2005
MinimumVisualStudioVersion = 10.0.40219.1
Project("{FAE04EC0-301F-11D3-BF4B-00C04F79EFBC}") = "CustomException", "CustomException\CustomException.csproj", "{F29B8433-500E-4380-9952-EF4D3B1DF9EC}"
EndProject
Project("{911E67C6-3D85-4FCE-B560-20A9C3E3FF48}") = "SimpleException", "..\SimpleException\SimpleException\bin\Debug\SimpleException.exe", "{A585D178-0AF0-44BA-9E1B-6AC5FFF01A92}"
	ProjectSection(DebuggerProjectSystem) = preProject
		PortSupplier = 00000000-0000-0000-0000-000000000000
		Executable = C:\Users\Daniel Contreras\source\repos\SimpleException\SimpleException\bin\Debug\SimpleException.exe
		RemoteMachine = LAPTOP-RCP99AFM
		StartingDirectory = C:\Users\Daniel Contreras\source\repos\SimpleException\SimpleException\bin\Debug
		Environment = Predeterminado
		LaunchingEngine = 00000000-0000-0000-0000-000000000000
		UseLegacyDebugEngines = No
		LaunchSQLEngine = No
		AttachLaunchAction = No
	EndProjectSection
EndProject
Global
	GlobalSection(SolutionConfigurationPlatforms) = preSolution
		Debug|Any CPU = Debug|Any CPU
		Debug|x86 = Debug|x86
		Release|Any CPU = Release|Any CPU
		Release|x86 = Release|x86
	EndGlobalSection
	GlobalSection(ProjectConfigurationPlatforms) = postSolution
		{F29B8433-500E-4380-9952-EF4D3B1DF9EC}.Debug|Any CPU.ActiveCfg = Debug|Any CPU
		{F29B8433-500E-4380-9952-EF4D3B1DF9EC}.Debug|Any CPU.Build.0 = Debug|Any CPU
		{F29B8433-500E-4380-9952-EF4D3B1DF9EC}.Debug|x86.ActiveCfg = Debug|Any CPU
		{F29B8433-500E-4380-9952-EF4D3B1DF9EC}.Debug|x86.Build.0 = Debug|Any CPU
		{F29B8433-500E-4380-9952-EF4D3B1DF9EC}.Release|Any CPU.ActiveCfg = Release|Any CPU
		{F29B8433-500E-4380-9952-EF4D3B1DF9EC}.Release|Any CPU.Build.0 = Release|Any CPU
		{F29B8433-500E-4380-9952-EF4D3B1DF9EC}.Release|x86.ActiveCfg = Release|Any CPU
		{F29B8433-500E-4380-9952-EF4D3B1DF9EC}.Release|x86.Build.0 = Release|Any CPU
		{A585D178-0AF0-44BA-9E1B-6AC5FFF01A92}.Debug|Any CPU.ActiveCfg = Release|x86
		{A585D178-0AF0-44BA-9E1B-6AC5FFF01A92}.Debug|x86.ActiveCfg = Release|x86
		{A585D178-0AF0-44BA-9E1B-6AC5FFF01A92}.Release|Any CPU.ActiveCfg = Release|x86
		{A585D178-0AF0-44BA-9E1B-6AC5FFF01A92}.Release|x86.ActiveCfg = Release|x86
	EndGlobalSection
	GlobalSection(SolutionProperties) = preSolution
		HideSolutionNode = FALSE
	EndGlobalSection
	GlobalSection(ExtensibilityGlobals) = postSolution
		SolutionGuid = {2565777F-1132-4B05-9E70-8E0610F3289B}
	EndGlobalSection
EndGlobal
